{
  "name": "ka",
  "lockfileVersion": 3,
  "requires": true,
  "packages": {
    "": {
      "dependencies": {
        "@runwayml/sdk": "^3.24.0"
      }
    },
    "node_modules/@runwayml/sdk": {
      "version": "3.24.0",
      "resolved": "https://registry.npmjs.org/@runwayml/sdk/-/sdk-3.24.0.tgz",
      "integrity": "sha512-b5KLvPJp3LXE08hA0XCxEfuXWAl7EoNreHQ6SbsAESDKp8MCmjPHhiLJY7U6klpBcmwsFaZ3onJ7ONs8FKTbCg==",
      "license": "Apache-2.0",
      "bin": {
        "runwayml-sdk": "bin/cli"
      }
    }
  }
}
